{
    "name": "ts-blank-space",
    "version": "0.10.0",
    "lockfileVersion": 3,
    "requires": true,
    "packages": {
        "": {
            "name": "ts-blank-space",
            "version": "0.10.0",
            "license": "Apache-2.0",
            "dependencies": {
                "typescript": "^7.0.1-rc"
            },
            "devDependencies": {
                "@types/node": "^20.9.4",
                "prettier": "3.3.3",
                "ts-blank-space-lkg": "npm:ts-blank-space@^0.3.3333"
            },
            "engines": {
                "node": ">=18.0.0"
            }
        },
        "node_modules/@types/node": {
            "version": "20.19.37",
            "resolved": "https://registry.npmjs.org/@types/node/-/node-20.19.37.tgz",
            "integrity": "sha512-8kzdPJ3FsNsVIurqBs7oodNnCEVbni9yUEkaHbgptDACOPW04jimGagZ51E6+lXUwJjgnBw+hyko/lkFWCldqw==",
            "dev": true,
            "license": "MIT",
            "dependencies": {
                "undici-types": "~6.21.0"
            }
        },
        "node_modules/@typescript/typescript-aix-ppc64": {
            "version": "7.0.1-rc",
            "resolved": "https://registry.npmjs.org/@typescript/typescript-aix-ppc64/-/typescript-aix-ppc64-7.0.1-rc.tgz",
            "integrity": "sha512-oqq2ZfEJ7BQuufcC3QBQndZLPNyamYNHLao8lKRBeeSkZKypBqxPSgkzrcFZtbYcIaBvpiyUnQP9MT7DEYHWbw==",
            "cpu": [
                "ppc64"
            ],
            "license": "Apache-2.0",
            "optional": true,
            "os": [
                "aix"
            ],
            "engines": {
                "node": ">=16.20.0"
            }
        },
        "node_modules/@typescript/typescript-darwin-arm64": {
            "version": "7.0.1-rc",
            "resolved": "https://registry.npmjs.org/@typescript/typescript-darwin-arm64/-/typescript-darwin-arm64-7.0.1-rc.tgz",
            "integrity": "sha512-Slc0yTftT2F/uGDmtPst8ijydneL6uZaLEyr2UjahxZpbhTjHFBJ5agXtVz/TL4A+ldxzjzj+E8QtLZlh/5mXw==",
            "cpu": [
                "arm64"
            ],
            "license": "Apache-2.0",
            "optional": true,
            "os": [
                "darwin"
            ],
            "engines": {
                "node": ">=16.20.0"
            }
        },
        "node_modules/@typescript/typescript-darwin-x64": {
            "version": "7.0.1-rc",
            "resolved": "https://registry.npmjs.org/@typescript/typescript-darwin-x64/-/typescript-darwin-x64-7.0.1-rc.tgz",
            "integrity": "sha512-h68iFW/LbA1/BsGgSRGFw981/3s1f/rY27YrmeZNuN+ly7dI+fiDduwT9ZT9866x2onoKNRq7PTyxSKyKDzfAQ==",
            "cpu": [
                "x64"
            ],
            "license": "Apache-2.0",
            "optional": true,
            "os": [
                "darwin"
            ],
            "engines": {
                "node": ">=16.20.0"
            }
        },
        "node_modules/@typescript/typescript-freebsd-arm64": {
            "version": "7.0.1-rc",
            "resolved": "https://registry.npmjs.org/@typescript/typescript-freebsd-arm64/-/typescript-freebsd-arm64-7.0.1-rc.tgz",
            "integrity": "sha512-DE+ppd8Ix2c6OMuRkKY4PJ4hngMGJ9M95OQUP17p9xL/1IKXof7npIeuusMN/bgL5o5JzMfSGh+N+5scTYRg0Q==",
            "cpu": [
                "arm64"
            ],
            "license": "Apache-2.0",
            "optional": true,
            "os": [
                "freebsd"
            ],
            "engines": {
                "node": ">=16.20.0"
            }
        },
        "node_modules/@typescript/typescript-freebsd-x64": {
            "version": "7.0.1-rc",
            "resolved": "https://registry.npmjs.org/@typescript/typescript-freebsd-x64/-/typescript-freebsd-x64-7.0.1-rc.tgz",
            "integrity": "sha512-ST1ozHMw0u+CLOnWkcTyWDMV4Qn9osZ6fd1V1lnKDM1t0hZIp81mdGpdHxyHJjd7jdGrb6Gb/QXcZ1uqZ0t5zw==",
            "cpu": [
                "x64"
            ],
            "license": "Apache-2.0",
            "optional": true,
            "os": [
                "freebsd"
            ],
            "engines": {
                "node": ">=16.20.0"
            }
        },
        "node_modules/@typescript/typescript-linux-arm": {
            "version": "7.0.1-rc",
            "resolved": "https://registry.npmjs.org/@typescript/typescript-linux-arm/-/typescript-linux-arm-7.0.1-rc.tgz",
            "integrity": "sha512-gHmHwT5Naq5CKM8g9bbaGeEpnwQEvWCLn3fwP4K2m61VQdDKkPk0Dhab/OoZ4LV2SrMddmclYXTzpyg23YGt5g==",
            "cpu": [
                "arm"
            ],
            "license": "Apache-2.0",
            "optional": true,
            "os": [
                "linux"
            ],
            "engines": {
                "node": ">=16.20.0"
            }
        },
        "node_modules/@typescript/typescript-linux-arm64": {
            "version": "7.0.1-rc",
            "resolved": "https://registry.npmjs.org/@typescript/typescript-linux-arm64/-/typescript-linux-arm64-7.0.1-rc.tgz",
            "integrity": "sha512-N46pRihK3t5zD5MUtTQcdmQUqr1WI4U2nxno1gLwOtRSsB4krFkRjPHcQNG7h2DtRkX64rQiReX6WKwg2wprMA==",
            "cpu": [
                "arm64"
            ],
            "license": "Apache-2.0",
            "optional": true,
            "os": [
                "linux"
            ],
            "engines": {
                "node": ">=16.20.0"
            }
        },
        "node_modules/@typescript/typescript-linux-loong64": {
            "version": "7.0.1-rc",
            "resolved": "https://registry.npmjs.org/@typescript/typescript-linux-loong64/-/typescript-linux-loong64-7.0.1-rc.tgz",
            "integrity": "sha512-G17Sao312rgiPBTh2F4nOpLpa3CcnBSaNhqNghZk2LNhnsp1RaMO5HMq2me21gqu9xLpc6CIgHtOzU6JBgNlfg==",
            "cpu": [
                "loong64"
            ],
            "license": "Apache-2.0",
            "optional": true,
            "os": [
                "linux"
            ],
            "engines": {
                "node": ">=16.20.0"
            }
        },
        "node_modules/@typescript/typescript-linux-mips64el": {
            "version": "7.0.1-rc",
            "resolved": "https://registry.npmjs.org/@typescript/typescript-linux-mips64el/-/typescript-linux-mips64el-7.0.1-rc.tgz",
            "integrity": "sha512-0FQspOb5UsQ4tQKvWgUO3pS9OIWkP7/8dPRWq+CRazJUeQZ4LBjtYK52jg5iIOrvItrVl2CwvRtrU3/9OihwJg==",
            "cpu": [
                "mips64el"
            ],
            "license": "Apache-2.0",
            "optional": true,
            "os": [
                "linux"
            ],
            "engines": {
                "node": ">=16.20.0"
            }
        },
        "node_modules/@typescript/typescript-linux-ppc64": {
            "version": "7.0.1-rc",
            "resolved": "https://registry.npmjs.org/@typescript/typescript-linux-ppc64/-/typescript-linux-ppc64-7.0.1-rc.tgz",
            "integrity": "sha512-SUmwfVBEv6A2Ld0eWfcvW0FqrgemfQL8jFGOmV1qYxsDqumjE5DekHXqbstgmbE4SHr4rrjHjvmuGCY+kTH/vw==",
            "cpu": [
                "ppc64"
            ],
            "license": "Apache-2.0",
            "optional": true,
            "os": [
                "linux"
            ],
            "engines": {
                "node": ">=16.20.0"
            }
        },
        "node_modules/@typescript/typescript-linux-riscv64": {
            "version": "7.0.1-rc",
            "resolved": "https://registry.npmjs.org/@typescript/typescript-linux-riscv64/-/typescript-linux-riscv64-7.0.1-rc.tgz",
            "integrity": "sha512-rxeqnNnGiYzv/LlPHi/3+4p0ooR1cNJLjRIHXKovtiVmxXGJq6gtw8VSpbHuWPekyFMXgIAoLCZN0SQ51rAALQ==",
            "cpu": [
                "riscv64"
            ],
            "license": "Apache-2.0",
            "optional": true,
            "os": [
                "linux"
            ],
            "engines": {
                "node": ">=16.20.0"
            }
        },
        "node_modules/@typescript/typescript-linux-s390x": {
            "version": "7.0.1-rc",
            "resolved": "https://registry.npmjs.org/@typescript/typescript-linux-s390x/-/typescript-linux-s390x-7.0.1-rc.tgz",
            "integrity": "sha512-RYWCHCiPypxajdRHM2CNK/eM22e4Ex5TTjV2pXf7PTtBowGr0xX8i8kIMknyZS0LX2QfleYHouaoMVsFDSle3g==",
            "cpu": [
                "s390x"
            ],
            "license": "Apache-2.0",
            "optional": true,
            "os": [
                "linux"
            ],
            "engines": {
                "node": ">=16.20.0"
            }
        },
        "node_modules/@typescript/typescript-linux-x64": {
            "version": "7.0.1-rc",
            "resolved": "https://registry.npmjs.org/@typescript/typescript-linux-x64/-/typescript-linux-x64-7.0.1-rc.tgz",
            "integrity": "sha512-PfLJSu0JzroDkqw2m4nqflPEcn8yev0m/vHFQlY9EzHorzjR6QG0wL8AJHvnD1e6h1s76AZngJ5u+z1K/D/HKw==",
            "cpu": [
                "x64"
            ],
            "license": "Apache-2.0",
            "optional": true,
            "os": [
                "linux"
            ],
            "engines": {
                "node": ">=16.20.0"
            }
        },
        "node_modules/@typescript/typescript-netbsd-arm64": {
            "version": "7.0.1-rc",
            "resolved": "https://registry.npmjs.org/@typescript/typescript-netbsd-arm64/-/typescript-netbsd-arm64-7.0.1-rc.tgz",
            "integrity": "sha512-FfbPxH3dTfp8yVIaNM7bdWTixXuyxpzoemluqcqMROSIz+ImpCG3Q9HO9Ptzp9/giv+P9YYEnCMSXh61migj2w==",
            "cpu": [
                "arm64"
            ],
            "license": "Apache-2.0",
            "optional": true,
            "os": [
                "netbsd"
            ],
            "engines": {
                "node": ">=16.20.0"
            }
        },
        "node_modules/@typescript/typescript-netbsd-x64": {
            "version": "7.0.1-rc",
            "resolved": "https://registry.npmjs.org/@typescript/typescript-netbsd-x64/-/typescript-netbsd-x64-7.0.1-rc.tgz",
            "integrity": "sha512-FzdTfSzhRYb6hlav6K3cI5RVgcvCTvNAu/vc+t7B6AmZkThQ+t/1ntnvT5fnHmY1Az2RIBw7/b+qtCEG61HJTQ==",
            "cpu": [
                "x64"
            ],
            "license": "Apache-2.0",
            "optional": true,
            "os": [
                "netbsd"
            ],
            "engines": {
                "node": ">=16.20.0"
            }
        },
        "node_modules/@typescript/typescript-openbsd-arm64": {
            "version": "7.0.1-rc",
            "resolved": "https://registry.npmjs.org/@typescript/typescript-openbsd-arm64/-/typescript-openbsd-arm64-7.0.1-rc.tgz",
            "integrity": "sha512-PQGhlxfNig+0YQ9Wwzd0USPBkt6w/ZqkBQWsU7G/0JkTzunJel+jSWwhKw4947pak/m7hGSeYiI04xReDLGZww==",
            "cpu": [
                "arm64"
            ],
            "license": "Apache-2.0",
            "optional": true,
            "os": [
                "openbsd"
            ],
            "engines": {
                "node": ">=16.20.0"
            }
        },
        "node_modules/@typescript/typescript-openbsd-x64": {
            "version": "7.0.1-rc",
            "resolved": "https://registry.npmjs.org/@typescript/typescript-openbsd-x64/-/typescript-openbsd-x64-7.0.1-rc.tgz",
            "integrity": "sha512-WJ7NYgO2mHmLUkI/tZ+hl8lFd26QPJqO8ONOHNuYbdsybLvSB6B6sep222JIVrOfPRDGvFinbGGB+l3m1FWRWA==",
            "cpu": [
                "x64"
            ],
            "license": "Apache-2.0",
            "optional": true,
            "os": [
                "openbsd"
            ],
            "engines": {
                "node": ">=16.20.0"
            }
        },
        "node_modules/@typescript/typescript-sunos-x64": {
            "version": "7.0.1-rc",
            "resolved": "https://registry.npmjs.org/@typescript/typescript-sunos-x64/-/typescript-sunos-x64-7.0.1-rc.tgz",
            "integrity": "sha512-UYjDeUxd765V9qcwlUPk4pEXyL0i3G76CJm9baK4i99u1pGO1psf3nXDw4MMmElVOPvGbZag99ZR/O59E2OX6w==",
            "cpu": [
                "x64"
            ],
            "license": "Apache-2.0",
            "optional": true,
            "os": [
                "sunos"
            ],
            "engines": {
                "node": ">=16.20.0"
            }
        },
        "node_modules/@typescript/typescript-win32-arm64": {
            "version": "7.0.1-rc",
            "resolved": "https://registry.npmjs.org/@typescript/typescript-win32-arm64/-/typescript-win32-arm64-7.0.1-rc.tgz",
            "integrity": "sha512-KzXzFSXZOm7zvEt2Aw0MsB2LbTL88znAiVqTDNAOHdlEb7brgmUQh/X2wM/8Be+N0fjEqWKl65cBKNwpWEbJiw==",
            "cpu": [
                "arm64"
            ],
            "license": "Apache-2.0",
            "optional": true,
            "os": [
                "win32"
            ],
            "engines": {
                "node": ">=16.20.0"
            }
        },
        "node_modules/@typescript/typescript-win32-x64": {
            "version": "7.0.1-rc",
            "resolved": "https://registry.npmjs.org/@typescript/typescript-win32-x64/-/typescript-win32-x64-7.0.1-rc.tgz",
            "integrity": "sha512-98R3+OqDr/r0/PLWEoXu88AE0lGVLNd335Ew8ONgzK1JWkNs4ou/5BGt3Or1ij4iXjH+c7PRL+jFjCbtWze+EA==",
            "cpu": [
                "x64"
            ],
            "license": "Apache-2.0",
            "optional": true,
            "os": [
                "win32"
            ],
            "engines": {
                "node": ">=16.20.0"
            }
        },
        "node_modules/prettier": {
            "version": "3.3.3",
            "resolved": "https://registry.npmjs.org/prettier/-/prettier-3.3.3.tgz",
            "integrity": "sha512-i2tDNA0O5IrMO757lfrdQZCc2jPNDVntV0m/+4whiDfWaTKfMNgR7Qz0NAeGz/nRqF4m5/6CLzbP4/liHt12Ew==",
            "dev": true,
            "license": "MIT",
            "bin": {
                "prettier": "bin/prettier.cjs"
            },
            "engines": {
                "node": ">=14"
            },
            "funding": {
                "url": "https://github.com/prettier/prettier?sponsor=1"
            }
        },
        "node_modules/ts-blank-space-lkg": {
            "name": "ts-blank-space",
            "version": "0.3.3333",
            "resolved": "https://registry.npmjs.org/ts-blank-space/-/ts-blank-space-0.3.3333.tgz",
            "integrity": "sha512-8ODEgOZd4nvaGjIWDYB/Zw5NH3ioHfBcrokoF/gdhVpIRXZhFzkcrJ36n9es6A6hVhydrDswaNO/5OSHQoq22A==",
            "dev": true,
            "license": "Apache-2.0",
            "dependencies": {
                "typescript": "5.1.6 - 5.6.x"
            },
            "engines": {
                "node": ">=18.0.0"
            }
        },
        "node_modules/ts-blank-space-lkg/node_modules/typescript": {
            "version": "5.6.3",
            "resolved": "https://registry.npmjs.org/typescript/-/typescript-5.6.3.tgz",
            "integrity": "sha512-hjcS1mhfuyi4WW8IWtjP7brDrG2cuDZukyrYrSauoXGNgx0S7zceP07adYkJycEr56BOUTNPzbInooiN3fn1qw==",
            "dev": true,
            "license": "Apache-2.0",
            "bin": {
                "tsc": "bin/tsc",
                "tsserver": "bin/tsserver"
            },
            "engines": {
                "node": ">=14.17"
            }
        },
        "node_modules/typescript": {
            "version": "7.0.1-rc",
            "resolved": "https://registry.npmjs.org/typescript/-/typescript-7.0.1-rc.tgz",
            "integrity": "sha512-drEP77wK7CCDlPfXZH4e008UUQOsw1DFmHmZOZjuNA+yoDLLnSNMZRXi90NbV/1LVo7SbNLq1bs3jjvk49TEqQ==",
            "license": "Apache-2.0",
            "bin": {
                "tsc": "bin/tsc"
            },
            "engines": {
                "node": ">=16.20.0"
            },
            "optionalDependencies": {
                "@typescript/typescript-aix-ppc64": "7.0.1-rc",
                "@typescript/typescript-darwin-arm64": "7.0.1-rc",
                "@typescript/typescript-darwin-x64": "7.0.1-rc",
                "@typescript/typescript-freebsd-arm64": "7.0.1-rc",
                "@typescript/typescript-freebsd-x64": "7.0.1-rc",
                "@typescript/typescript-linux-arm": "7.0.1-rc",
                "@typescript/typescript-linux-arm64": "7.0.1-rc",
                "@typescript/typescript-linux-loong64": "7.0.1-rc",
                "@typescript/typescript-linux-mips64el": "7.0.1-rc",
                "@typescript/typescript-linux-ppc64": "7.0.1-rc",
                "@typescript/typescript-linux-riscv64": "7.0.1-rc",
                "@typescript/typescript-linux-s390x": "7.0.1-rc",
                "@typescript/typescript-linux-x64": "7.0.1-rc",
                "@typescript/typescript-netbsd-arm64": "7.0.1-rc",
                "@typescript/typescript-netbsd-x64": "7.0.1-rc",
                "@typescript/typescript-openbsd-arm64": "7.0.1-rc",
                "@typescript/typescript-openbsd-x64": "7.0.1-rc",
                "@typescript/typescript-sunos-x64": "7.0.1-rc",
                "@typescript/typescript-win32-arm64": "7.0.1-rc",
                "@typescript/typescript-win32-x64": "7.0.1-rc"
            }
        },
        "node_modules/undici-types": {
            "version": "6.21.0",
            "resolved": "https://registry.npmjs.org/undici-types/-/undici-types-6.21.0.tgz",
            "integrity": "sha512-iwDZqg0QAGrg9Rav5H4n0M64c3mkR59cJ6wQp+7C4nI0gsmExaedaYLNO44eT4AtBBwjbTiGPMlt2Md0T9H9JQ==",
            "dev": true,
            "license": "MIT"
        }
    }
}
