{
    "name": "ts-blank-space",
    "version": "0.6.2",
    "lockfileVersion": 3,
    "requires": true,
    "packages": {
        "": {
            "name": "ts-blank-space",
            "version": "0.6.2",
            "license": "Apache-2.0",
            "dependencies": {
                "typescript": "5.1.6 - 5.9.x"
            },
            "devDependencies": {
                "@types/node": "^20.9.4",
                "prettier": "3.3.3",
                "ts-blank-space-lkg": "npm:ts-blank-space@^0.3.3333"
            },
            "engines": {
                "node": ">=18.0.0"
            }
        },
        "node_modules/@types/node": {
            "version": "20.17.22",
            "resolved": "https://registry.npmjs.org/@types/node/-/node-20.17.22.tgz",
            "integrity": "sha512-9RV2zST+0s3EhfrMZIhrz2bhuhBwxgkbHEwP2gtGWPjBzVQjifMzJ9exw7aDZhR1wbpj8zBrfp3bo8oJcGiUUw==",
            "dev": true,
            "license": "MIT",
            "dependencies": {
                "undici-types": "~6.19.2"
            }
        },
        "node_modules/prettier": {
            "version": "3.3.3",
            "resolved": "https://registry.npmjs.org/prettier/-/prettier-3.3.3.tgz",
            "integrity": "sha512-i2tDNA0O5IrMO757lfrdQZCc2jPNDVntV0m/+4whiDfWaTKfMNgR7Qz0NAeGz/nRqF4m5/6CLzbP4/liHt12Ew==",
            "dev": true,
            "license": "MIT",
            "bin": {
                "prettier": "bin/prettier.cjs"
            },
            "engines": {
                "node": ">=14"
            },
            "funding": {
                "url": "https://github.com/prettier/prettier?sponsor=1"
            }
        },
        "node_modules/ts-blank-space-lkg": {
            "name": "ts-blank-space",
            "version": "0.3.3333",
            "resolved": "https://registry.npmjs.org/ts-blank-space/-/ts-blank-space-0.3.3333.tgz",
            "integrity": "sha512-8ODEgOZd4nvaGjIWDYB/Zw5NH3ioHfBcrokoF/gdhVpIRXZhFzkcrJ36n9es6A6hVhydrDswaNO/5OSHQoq22A==",
            "dev": true,
            "license": "Apache-2.0",
            "dependencies": {
                "typescript": "5.1.6 - 5.6.x"
            },
            "engines": {
                "node": ">=18.0.0"
            }
        },
        "node_modules/ts-blank-space-lkg/node_modules/typescript": {
            "version": "5.6.3",
            "resolved": "https://registry.npmjs.org/typescript/-/typescript-5.6.3.tgz",
            "integrity": "sha512-hjcS1mhfuyi4WW8IWtjP7brDrG2cuDZukyrYrSauoXGNgx0S7zceP07adYkJycEr56BOUTNPzbInooiN3fn1qw==",
            "dev": true,
            "license": "Apache-2.0",
            "bin": {
                "tsc": "bin/tsc",
                "tsserver": "bin/tsserver"
            },
            "engines": {
                "node": ">=14.17"
            }
        },
        "node_modules/typescript": {
            "version": "5.9.2",
            "resolved": "https://registry.npmjs.org/typescript/-/typescript-5.9.2.tgz",
            "integrity": "sha512-CWBzXQrc/qOkhidw1OzBTQuYRbfyxDXJMVJ1XNwUHGROVmuaeiEm3OslpZ1RV96d7SKKjZKrSJu3+t/xlw3R9A==",
            "license": "Apache-2.0",
            "bin": {
                "tsc": "bin/tsc",
                "tsserver": "bin/tsserver"
            },
            "engines": {
                "node": ">=14.17"
            }
        },
        "node_modules/undici-types": {
            "version": "6.19.8",
            "resolved": "https://registry.npmjs.org/undici-types/-/undici-types-6.19.8.tgz",
            "integrity": "sha512-ve2KP6f/JnbPBFyobGHuerC9g1FYGn/F8n1LWTwNxCEzd6IfqTwUQcNXgEtmmQ6DlRrC1hrSrBnCZPokRrDHjw==",
            "dev": true,
            "license": "MIT"
        }
    }
}
